
Microsoft Visual Studio Solution File, Format Version 12.00
# Visual Studio Version 17
VisualStudioVersion = 17.11.35327.3
MinimumVisualStudioVersion = 10.0.40219.1
Project("{9A19103F-16F7-4668-BE54-9A1E7A4F7556}") = "MovieAPI", "MovieAPI.csproj", "{1DD62EE7-9E5F-489B-98FB-F3E70D471A16}"
EndProject
Project("{9A19103F-16F7-4668-BE54-9A1E7A4F7556}") = "MovieAPI.Tests", "..\MovieAPI.Tests\MovieAPI.Tests.csproj", "{29E1E239-EE06-447D-96B7-B0A7A461082B}"
EndProject
Global
	GlobalSection(SolutionConfigurationPlatforms) = preSolution
		Debug|Any CPU = Debug|Any CPU
		Release|Any CPU = Release|Any CPU
	EndGlobalSection
	GlobalSection(ProjectConfigurationPlatforms) = postSolution
		{1DD62EE7-9E5F-489B-98FB-F3E70D471A16}.Debug|Any CPU.ActiveCfg = Debug|Any CPU
		{1DD62EE7-9E5F-489B-98FB-F3E70D471A16}.Debug|Any CPU.Build.0 = Debug|Any CPU
		{1DD62EE7-9E5F-489B-98FB-F3E70D471A16}.Release|Any CPU.ActiveCfg = Release|Any CPU
		{1DD62EE7-9E5F-489B-98FB-F3E70D471A16}.Release|Any CPU.Build.0 = Release|Any CPU
		{29E1E239-EE06-447D-96B7-B0A7A461082B}.Debug|Any CPU.ActiveCfg = Debug|Any CPU
		{29E1E239-EE06-447D-96B7-B0A7A461082B}.Debug|Any CPU.Build.0 = Debug|Any CPU
		{29E1E239-EE06-447D-96B7-B0A7A461082B}.Release|Any CPU.ActiveCfg = Release|Any CPU
		{29E1E239-EE06-447D-96B7-B0A7A461082B}.Release|Any CPU.Build.0 = Release|Any CPU
	EndGlobalSection
	GlobalSection(SolutionProperties) = preSolution
		HideSolutionNode = FALSE
	EndGlobalSection
	GlobalSection(ExtensibilityGlobals) = postSolution
		SolutionGuid = {CC9ED2F7-C1C5-43AD-A0CA-7127CD393270}
	EndGlobalSection
EndGlobal
